
Microsoft Visual Studio Solution File, Format Version 12.00
# Visual Studio Version 16
VisualStudioVersion = 16.0.31005.135
MinimumVisualStudioVersion = 10.0.40219.1
Project("{9A19103F-16F7-4668-BE54-9A1E7A4F7556}") = "AiCup22", "AiCup22.csproj", "{0AF0A921-576F-4F5A-9991-8BFA02DCFBE8}"
EndProject
Global
	GlobalSection(SolutionConfigurationPlatforms) = preSolution
		Debug|Any CPU = Debug|Any CPU
		Release|Any CPU = Release|Any CPU
	EndGlobalSection
	GlobalSection(ProjectConfigurationPlatforms) = postSolution
		{0AF0A921-576F-4F5A-9991-8BFA02DCFBE8}.Debug|Any CPU.ActiveCfg = Debug|Any CPU
		{0AF0A921-576F-4F5A-9991-8BFA02DCFBE8}.Debug|Any CPU.Build.0 = Debug|Any CPU
		{0AF0A921-576F-4F5A-9991-8BFA02DCFBE8}.Release|Any CPU.ActiveCfg = Release|Any CPU
		{0AF0A921-576F-4F5A-9991-8BFA02DCFBE8}.Release|Any CPU.Build.0 = Release|Any CPU
	EndGlobalSection
	GlobalSection(SolutionProperties) = preSolution
		HideSolutionNode = FALSE
	EndGlobalSection
	GlobalSection(ExtensibilityGlobals) = postSolution
		SolutionGuid = {B88917F2-6125-4403-B9BB-87E67192E533}
	EndGlobalSection
EndGlobal
